<?xml version="1.0" encoding="UTF-8" standalone="yes" ?>
<CodeBlocks_project_file>
	<FileVersion major="1" minor="6" />
	<Project>
		<Option title="BoH" />
		<Option pch_mode="2" />
		<Option compiler="gcc" />
		<Build>
			<Target title="Debug">
				<Option output="bin/Debug/BoH" prefix_auto="1" extension_auto="1" />
				<Option object_output="obj/Debug/" />
				<Option type="1" />
				<Option compiler="gcc" />
				<Compiler>
					<Add option="-g" />
				</Compiler>
			</Target>
			<Target title="Release">
				<Option output="bin/Release/BoH" prefix_auto="1" extension_auto="1" />
				<Option object_output="bin/Release/obj/" />
				<Option type="1" />
				<Option compiler="gcc" />
				<Compiler>
					<Add option="-O2" />
				</Compiler>
			</Target>
		</Build>
		<Compiler>
			<Add option="-Wall" />
		</Compiler>
		<Unit filename="GUI/button.h" />
		<Unit filename="GUI/slider.h" />
		<Unit filename="assets/fonts/BitFont.ttf" />
		<Unit filename="assets/fonts/LICENSE (BitFont) PL.txt" />
		<Unit filename="assets/fonts/LICENSE (Roboto) ENG.txt" />
		<Unit filename="assets/fonts/Roboto.ttf" />
		<Unit filename="assets/graphics/UI/game/HPbar.png" />
		<Unit filename="assets/graphics/UI/game/RegainingShieldBar.png" />
		<Unit filename="assets/graphics/UI/game/ammoBar.png" />
		<Unit filename="assets/graphics/UI/game/arrow.png" />
		<Unit filename="assets/graphics/UI/game/back1.png" />
		<Unit filename="assets/graphics/UI/game/back2.png" />
		<Unit filename="assets/graphics/UI/game/continue1.png" />
		<Unit filename="assets/graphics/UI/game/continue2.png" />
		<Unit filename="assets/graphics/UI/game/digits/-.png" />
		<Unit filename="assets/graphics/UI/game/digits/0.png" />
		<Unit filename="assets/graphics/UI/game/digits/1.png" />
		<Unit filename="assets/graphics/UI/game/digits/2.png" />
		<Unit filename="assets/graphics/UI/game/digits/3.png" />
		<Unit filename="assets/graphics/UI/game/digits/4.png" />
		<Unit filename="assets/graphics/UI/game/digits/5.png" />
		<Unit filename="assets/graphics/UI/game/digits/6.png" />
		<Unit filename="assets/graphics/UI/game/digits/7.png" />
		<Unit filename="assets/graphics/UI/game/digits/8.png" />
		<Unit filename="assets/graphics/UI/game/digits/9.png" />
		<Unit filename="assets/graphics/UI/game/info.png" />
		<Unit filename="assets/graphics/UI/game/no1.png" />
		<Unit filename="assets/graphics/UI/game/no2.png" />
		<Unit filename="assets/graphics/UI/game/noAmmoBar.png" />
		<Unit filename="assets/graphics/UI/game/pauseCursor.png" />
		<Unit filename="assets/graphics/UI/game/quit1.png" />
		<Unit filename="assets/graphics/UI/game/quit2.png" />
		<Unit filename="assets/graphics/UI/game/settings1.png" />
		<Unit filename="assets/graphics/UI/game/settings2.png" />
		<Unit filename="assets/graphics/UI/game/shieldBar.png" />
		<Unit filename="assets/graphics/UI/game/soul.old.png" />
		<Unit filename="assets/graphics/UI/game/soul.png" />
		<Unit filename="assets/graphics/UI/game/yes1.png" />
		<Unit filename="assets/graphics/UI/game/yes2.png" />
		<Unit filename="assets/graphics/UI/mainMenu/no1.png" />
		<Unit filename="assets/graphics/UI/mainMenu/no2.png" />
		<Unit filename="assets/graphics/UI/mainMenu/play1.png" />
		<Unit filename="assets/graphics/UI/mainMenu/play2.png" />
		<Unit filename="assets/graphics/UI/mainMenu/quit1.png" />
		<Unit filename="assets/graphics/UI/mainMenu/quit2.png" />
		<Unit filename="assets/graphics/UI/mainMenu/save1.png" />
		<Unit filename="assets/graphics/UI/mainMenu/save2.png" />
		<Unit filename="assets/graphics/UI/mainMenu/settings1.png" />
		<Unit filename="assets/graphics/UI/mainMenu/settings2.png" />
		<Unit filename="assets/graphics/UI/mainMenu/sfLogo.png" />
		<Unit filename="assets/graphics/UI/mainMenu/slider/sliderBar.png" />
		<Unit filename="assets/graphics/UI/mainMenu/slider/sliderPointer.png" />
		<Unit filename="assets/graphics/UI/mainMenu/slider/sliderPointer_selected.png" />
		<Unit filename="assets/graphics/UI/mainMenu/yes1.png" />
		<Unit filename="assets/graphics/UI/mainMenu/yes2.png" />
		<Unit filename="assets/graphics/background/1.png" />
		<Unit filename="assets/graphics/background/1/a.png" />
		<Unit filename="assets/graphics/background/1/b.png" />
		<Unit filename="assets/graphics/background/1/c.png" />
		<Unit filename="assets/graphics/background/1/d.png" />
		<Unit filename="assets/graphics/background/2.png" />
		<Unit filename="assets/graphics/background/2/a.png" />
		<Unit filename="assets/graphics/background/2/b.png" />
		<Unit filename="assets/graphics/background/2/c.png" />
		<Unit filename="assets/graphics/background/2/d.png" />
		<Unit filename="assets/graphics/background/3.png" />
		<Unit filename="assets/graphics/background/3/a.png" />
		<Unit filename="assets/graphics/background/3/b.png" />
		<Unit filename="assets/graphics/background/3/c.png" />
		<Unit filename="assets/graphics/background/3/d.png" />
		<Unit filename="assets/graphics/background/blackhole.png" />
		<Unit filename="assets/graphics/background/control.png" />
		<Unit filename="assets/graphics/background/full/1.png" />
		<Unit filename="assets/graphics/background/full/2.png" />
		<Unit filename="assets/graphics/background/full/3.png" />
		<Unit filename="assets/graphics/bullets/autoRockets/drone.png" />
		<Unit filename="assets/graphics/bullets/autoRockets/explosion.animation" />
		<Unit filename="assets/graphics/bullets/autoRockets/explosion/a.png" />
		<Unit filename="assets/graphics/bullets/autoRockets/explosion/b.png" />
		<Unit filename="assets/graphics/bullets/autoRockets/explosion/c.png" />
		<Unit filename="assets/graphics/bullets/autoRockets/explosion/d.png" />
		<Unit filename="assets/graphics/bullets/autoRockets/explosion/e.png" />
		<Unit filename="assets/graphics/bullets/autoRockets/explosion/f.png" />
		<Unit filename="assets/graphics/bullets/autoRockets/explosion/g.png" />
		<Unit filename="assets/graphics/bullets/autoRockets/explosion/h.png" />
		<Unit filename="assets/graphics/bullets/autoRockets/explosion/i.png" />
		<Unit filename="assets/graphics/bullets/autoRockets/explosion/j.png" />
		<Unit filename="assets/graphics/bullets/autoRockets/fly/Stare Dobre Klocki.ZIP" />
		<Unit filename="assets/graphics/bullets/autoRockets/fly/texture.png" />
		<Unit filename="assets/graphics/bullets/autoRockets/fly/texture_.png" />
		<Unit filename="assets/graphics/bullets/autoRockets/laser.png" />
		<Unit filename="assets/graphics/bullets/autoRockets/texture.png" />
		<Unit filename="assets/graphics/bullets/autoTurret/drone.png" />
		<Unit filename="assets/graphics/bullets/autoTurret/explosion.animation" />
		<Unit filename="assets/graphics/bullets/autoTurret/explosion/a.png" />
		<Unit filename="assets/graphics/bullets/autoTurret/explosion/b.png" />
		<Unit filename="assets/graphics/bullets/autoTurret/explosion/c.png" />
		<Unit filename="assets/graphics/bullets/autoTurret/explosion/d.png" />
		<Unit filename="assets/graphics/bullets/autoTurret/explosion/e.png" />
		<Unit filename="assets/graphics/bullets/autoTurret/explosion/f.png" />
		<Unit filename="assets/graphics/bullets/autoTurret/explosion/g.png" />
		<Unit filename="assets/graphics/bullets/autoTurret/explosion/h.png" />
		<Unit filename="assets/graphics/bullets/autoTurret/explosion/i.png" />
		<Unit filename="assets/graphics/bullets/autoTurret/explosion/j.png" />
		<Unit filename="assets/graphics/bullets/autoTurret/fly/texture.png" />
		<Unit filename="assets/graphics/bullets/autoTurret/texture.png" />
		<Unit filename="assets/graphics/bullets/enemyStandard/drone.png" />
		<Unit filename="assets/graphics/bullets/enemyStandard/explosion.animation" />
		<Unit filename="assets/graphics/bullets/enemyStandard/explosion/a.png" />
		<Unit filename="assets/graphics/bullets/enemyStandard/explosion/b.png" />
		<Unit filename="assets/graphics/bullets/enemyStandard/explosion/c.png" />
		<Unit filename="assets/graphics/bullets/enemyStandard/explosion/d.png" />
		<Unit filename="assets/graphics/bullets/enemyStandard/explosion/e.png" />
		<Unit filename="assets/graphics/bullets/enemyStandard/explosion/f.png" />
		<Unit filename="assets/graphics/bullets/enemyStandard/explosion/g.png" />
		<Unit filename="assets/graphics/bullets/enemyStandard/explosion/h.png" />
		<Unit filename="assets/graphics/bullets/enemyStandard/explosion/i.png" />
		<Unit filename="assets/graphics/bullets/enemyStandard/explosion/j.png" />
		<Unit filename="assets/graphics/bullets/enemyStandard/fly/texture.png" />
		<Unit filename="assets/graphics/bullets/laser/bonusBGC.png" />
		<Unit filename="assets/graphics/bullets/laser/drone.png" />
		<Unit filename="assets/graphics/bullets/laser/explosion.animation" />
		<Unit filename="assets/graphics/bullets/laser/explosion/a.png" />
		<Unit filename="assets/graphics/bullets/laser/explosion/b.png" />
		<Unit filename="assets/graphics/bullets/laser/explosion/c.png" />
		<Unit filename="assets/graphics/bullets/laser/explosion/d.png" />
		<Unit filename="assets/graphics/bullets/laser/explosion/e.png" />
		<Unit filename="assets/graphics/bullets/laser/explosion/f.png" />
		<Unit filename="assets/graphics/bullets/laser/explosion/g.png" />
		<Unit filename="assets/graphics/bullets/laser/explosion/h.png" />
		<Unit filename="assets/graphics/bullets/laser/explosion/i.png" />
		<Unit filename="assets/graphics/bullets/laser/explosion/j.png" />
		<Unit filename="assets/graphics/bullets/laser/explosion1/a.png" />
		<Unit filename="assets/graphics/bullets/laser/explosion1/b.png" />
		<Unit filename="assets/graphics/bullets/laser/explosion1/c.png" />
		<Unit filename="assets/graphics/bullets/laser/explosion1/d.png" />
		<Unit filename="assets/graphics/bullets/laser/explosion1/e.png" />
		<Unit filename="assets/graphics/bullets/laser/explosion1/f.png" />
		<Unit filename="assets/graphics/bullets/laser/explosion1/g.png" />
		<Unit filename="assets/graphics/bullets/laser/explosion1/h.png" />
		<Unit filename="assets/graphics/bullets/laser/explosion1/i.png" />
		<Unit filename="assets/graphics/bullets/laser/explosion1/j.png" />
		<Unit filename="assets/graphics/bullets/laser/explosion2/a.png" />
		<Unit filename="assets/graphics/bullets/laser/explosion2/b.png" />
		<Unit filename="assets/graphics/bullets/laser/explosion2/c.png" />
		<Unit filename="assets/graphics/bullets/laser/explosion2/d.png" />
		<Unit filename="assets/graphics/bullets/laser/explosion2/e.png" />
		<Unit filename="assets/graphics/bullets/laser/explosion2/f.png" />
		<Unit filename="assets/graphics/bullets/laser/explosion2/g.png" />
		<Unit filename="assets/graphics/bullets/laser/explosion2/h.png" />
		<Unit filename="assets/graphics/bullets/laser/explosion2/i.png" />
		<Unit filename="assets/graphics/bullets/laser/explosion2/j.png" />
		<Unit filename="assets/graphics/bullets/laser/fly/texture.png" />
		<Unit filename="assets/graphics/bullets/laser/texture.png" />
		<Unit filename="assets/graphics/bullets/minigun/drone.png" />
		<Unit filename="assets/graphics/bullets/minigun/explosion.animation" />
		<Unit filename="assets/graphics/bullets/minigun/explosion/a.png" />
		<Unit filename="assets/graphics/bullets/minigun/explosion/b.png" />
		<Unit filename="assets/graphics/bullets/minigun/explosion/c.png" />
		<Unit filename="assets/graphics/bullets/minigun/explosion/d.png" />
		<Unit filename="assets/graphics/bullets/minigun/explosion/e.png" />
		<Unit filename="assets/graphics/bullets/minigun/explosion/f.png" />
		<Unit filename="assets/graphics/bullets/minigun/explosion/g.png" />
		<Unit filename="assets/graphics/bullets/minigun/explosion/h.png" />
		<Unit filename="assets/graphics/bullets/minigun/explosion/i.png" />
		<Unit filename="assets/graphics/bullets/minigun/explosion/j.png" />
		<Unit filename="assets/graphics/bullets/minigun/explosion1/a.png" />
		<Unit filename="assets/graphics/bullets/minigun/explosion1/b.png" />
		<Unit filename="assets/graphics/bullets/minigun/explosion1/c.png" />
		<Unit filename="assets/graphics/bullets/minigun/explosion1/d.png" />
		<Unit filename="assets/graphics/bullets/minigun/explosion1/e.png" />
		<Unit filename="assets/graphics/bullets/minigun/explosion1/f.png" />
		<Unit filename="assets/graphics/bullets/minigun/explosion1/g.png" />
		<Unit filename="assets/graphics/bullets/minigun/explosion1/h.png" />
		<Unit filename="assets/graphics/bullets/minigun/explosion1/i.png" />
		<Unit filename="assets/graphics/bullets/minigun/explosion1/j.png" />
		<Unit filename="assets/graphics/bullets/minigun/explosion2/a.png" />
		<Unit filename="assets/graphics/bullets/minigun/explosion2/b.png" />
		<Unit filename="assets/graphics/bullets/minigun/explosion2/c.png" />
		<Unit filename="assets/graphics/bullets/minigun/explosion2/d.png" />
		<Unit filename="assets/graphics/bullets/minigun/explosion2/e.png" />
		<Unit filename="assets/graphics/bullets/minigun/explosion2/f.png" />
		<Unit filename="assets/graphics/bullets/minigun/explosion2/g.png" />
		<Unit filename="assets/graphics/bullets/minigun/explosion2/h.png" />
		<Unit filename="assets/graphics/bullets/minigun/explosion2/i.png" />
		<Unit filename="assets/graphics/bullets/minigun/explosion2/j.png" />
		<Unit filename="assets/graphics/bullets/minigun/fly/texture.png" />
		<Unit filename="assets/graphics/bullets/minigun/fly/texture1.png" />
		<Unit filename="assets/graphics/bullets/minigun/fly/texture2.png" />
		<Unit filename="assets/graphics/bullets/minigun/texture.png" />
		<Unit filename="assets/graphics/bullets/saw/drone.png" />
		<Unit filename="assets/graphics/bullets/saw/explosion.animation" />
		<Unit filename="assets/graphics/bullets/saw/explosion/a.png" />
		<Unit filename="assets/graphics/bullets/saw/explosion/b.png" />
		<Unit filename="assets/graphics/bullets/saw/explosion/c.png" />
		<Unit filename="assets/graphics/bullets/saw/explosion/d.png" />
		<Unit filename="assets/graphics/bullets/saw/explosion/e.png" />
		<Unit filename="assets/graphics/bullets/saw/explosion/f.png" />
		<Unit filename="assets/graphics/bullets/saw/explosion/g.png" />
		<Unit filename="assets/graphics/bullets/saw/explosion/h.png" />
		<Unit filename="assets/graphics/bullets/saw/explosion/i.png" />
		<Unit filename="assets/graphics/bullets/saw/explosion/j.png" />
		<Unit filename="assets/graphics/bullets/saw/fly/texture.png" />
		<Unit filename="assets/graphics/bullets/saw/fly/texture2.png" />
		<Unit filename="assets/graphics/bullets/saw/texture.png" />
		<Unit filename="assets/graphics/bullets/shotgun/drone.png" />
		<Unit filename="assets/graphics/bullets/shotgun/explosion.animation" />
		<Unit filename="assets/graphics/bullets/shotgun/explosion/a.png" />
		<Unit filename="assets/graphics/bullets/shotgun/explosion/b.png" />
		<Unit filename="assets/graphics/bullets/shotgun/explosion/c.png" />
		<Unit filename="assets/graphics/bullets/shotgun/explosion/d.png" />
		<Unit filename="assets/graphics/bullets/shotgun/explosion/e.png" />
		<Unit filename="assets/graphics/bullets/shotgun/explosion/f.png" />
		<Unit filename="assets/graphics/bullets/shotgun/explosion/g.png" />
		<Unit filename="assets/graphics/bullets/shotgun/explosion/h.png" />
		<Unit filename="assets/graphics/bullets/shotgun/explosion/i.png" />
		<Unit filename="assets/graphics/bullets/shotgun/explosion/j.png" />
		<Unit filename="assets/graphics/bullets/shotgun/explosion/k.png" />
		<Unit filename="assets/graphics/bullets/shotgun/explosion/l.png" />
		<Unit filename="assets/graphics/bullets/shotgun/explosion/m.png" />
		<Unit filename="assets/graphics/bullets/shotgun/explosion1/a.png" />
		<Unit filename="assets/graphics/bullets/shotgun/explosion1/b.png" />
		<Unit filename="assets/graphics/bullets/shotgun/explosion1/c.png" />
		<Unit filename="assets/graphics/bullets/shotgun/explosion1/d.png" />
		<Unit filename="assets/graphics/bullets/shotgun/explosion1/e.png" />
		<Unit filename="assets/graphics/bullets/shotgun/explosion1/f.png" />
		<Unit filename="assets/graphics/bullets/shotgun/explosion1/g.png" />
		<Unit filename="assets/graphics/bullets/shotgun/explosion1/h.png" />
		<Unit filename="assets/graphics/bullets/shotgun/explosion1/i.png" />
		<Unit filename="assets/graphics/bullets/shotgun/explosion1/j.png" />
		<Unit filename="assets/graphics/bullets/shotgun/explosion2/a.png" />
		<Unit filename="assets/graphics/bullets/shotgun/explosion2/b.png" />
		<Unit filename="assets/graphics/bullets/shotgun/explosion2/c.png" />
		<Unit filename="assets/graphics/bullets/shotgun/explosion2/d.png" />
		<Unit filename="assets/graphics/bullets/shotgun/explosion2/e.png" />
		<Unit filename="assets/graphics/bullets/shotgun/explosion2/f.png" />
		<Unit filename="assets/graphics/bullets/shotgun/explosion2/g.png" />
		<Unit filename="assets/graphics/bullets/shotgun/explosion2/h.png" />
		<Unit filename="assets/graphics/bullets/shotgun/explosion2/i.png" />
		<Unit filename="assets/graphics/bullets/shotgun/explosion2/j.png" />
		<Unit filename="assets/graphics/bullets/shotgun/fly/texture.png" />
		<Unit filename="assets/graphics/bullets/shotgun/fly/texture1.png" />
		<Unit filename="assets/graphics/bullets/shotgun/fly/texture2.png" />
		<Unit filename="assets/graphics/bullets/shotgun/texture.png" />
		<Unit filename="assets/graphics/bullets/standard/drone.png" />
		<Unit filename="assets/graphics/bullets/standard/explosion.animation" />
		<Unit filename="assets/graphics/bullets/standard/explosion/a.png" />
		<Unit filename="assets/graphics/bullets/standard/explosion/b.png" />
		<Unit filename="assets/graphics/bullets/standard/explosion/c.png" />
		<Unit filename="assets/graphics/bullets/standard/explosion/d.png" />
		<Unit filename="assets/graphics/bullets/standard/explosion/e.png" />
		<Unit filename="assets/graphics/bullets/standard/explosion/f.png" />
		<Unit filename="assets/graphics/bullets/standard/explosion/g.png" />
		<Unit filename="assets/graphics/bullets/standard/explosion/h.png" />
		<Unit filename="assets/graphics/bullets/standard/explosion/i.png" />
		<Unit filename="assets/graphics/bullets/standard/explosion/j.png" />
		<Unit filename="assets/graphics/bullets/standard/explosion1/a.png" />
		<Unit filename="assets/graphics/bullets/standard/explosion1/b.png" />
		<Unit filename="assets/graphics/bullets/standard/explosion1/c.png" />
		<Unit filename="assets/graphics/bullets/standard/explosion1/d.png" />
		<Unit filename="assets/graphics/bullets/standard/explosion1/e.png" />
		<Unit filename="assets/graphics/bullets/standard/explosion1/f.png" />
		<Unit filename="assets/graphics/bullets/standard/explosion1/g.png" />
		<Unit filename="assets/graphics/bullets/standard/explosion1/h.png" />
		<Unit filename="assets/graphics/bullets/standard/explosion1/i.png" />
		<Unit filename="assets/graphics/bullets/standard/explosion1/j.png" />
		<Unit filename="assets/graphics/bullets/standard/explosion2/a.png" />
		<Unit filename="assets/graphics/bullets/standard/explosion2/b.png" />
		<Unit filename="assets/graphics/bullets/standard/explosion2/c.png" />
		<Unit filename="assets/graphics/bullets/standard/explosion2/d.png" />
		<Unit filename="assets/graphics/bullets/standard/explosion2/e.png" />
		<Unit filename="assets/graphics/bullets/standard/explosion2/f.png" />
		<Unit filename="assets/graphics/bullets/standard/explosion2/g.png" />
		<Unit filename="assets/graphics/bullets/standard/explosion2/h.png" />
		<Unit filename="assets/graphics/bullets/standard/explosion2/i.png" />
		<Unit filename="assets/graphics/bullets/standard/explosion2/j.png" />
		<Unit filename="assets/graphics/bullets/standard/fly/texture.png" />
		<Unit filename="assets/graphics/bullets/standard/fly/texture1.png" />
		<Unit filename="assets/graphics/bullets/standard/fly/texture2.png" />
		<Unit filename="assets/graphics/bullets/standard/fly/texture3.png" />
		<Unit filename="assets/graphics/bullets/standard/texture.png" />
		<Unit filename="assets/graphics/cursor/cursorGrey.png" />
		<Unit filename="assets/graphics/cursor/cursorRed.png" />
		<Unit filename="assets/graphics/cursor/highAmmo.png" />
		<Unit filename="assets/graphics/cursor/hit.png" />
		<Unit filename="assets/graphics/cursor/lowAmmo.png" />
		<Unit filename="assets/graphics/digits/-.png" />
		<Unit filename="assets/graphics/digits/0.png" />
		<Unit filename="assets/graphics/digits/1.png" />
		<Unit filename="assets/graphics/digits/2.png" />
		<Unit filename="assets/graphics/digits/3.png" />
		<Unit filename="assets/graphics/digits/4.png" />
		<Unit filename="assets/graphics/digits/5.png" />
		<Unit filename="assets/graphics/digits/6.png" />
		<Unit filename="assets/graphics/digits/7.png" />
		<Unit filename="assets/graphics/digits/8.png" />
		<Unit filename="assets/graphics/digits/9.png" />
		<Unit filename="assets/graphics/drone/selected.png" />
		<Unit filename="assets/graphics/drone/texture.png" />
		<Unit filename="assets/graphics/enemies/fly/a.png" />
		<Unit filename="assets/graphics/enemies/fly/b.png" />
		<Unit filename="assets/graphics/enemies/fly/c.png" />
		<Unit filename="assets/graphics/enemies/fly/d.png" />
		<Unit filename="assets/graphics/enemies/fly/e.png" />
		<Unit filename="assets/graphics/enemies/standard/a.png" />
		<Unit filename="assets/graphics/enemies/standard/b.png" />
		<Unit filename="assets/graphics/enemies/standard/c.png" />
		<Unit filename="assets/graphics/enemies/standard/d.png" />
		<Unit filename="assets/graphics/enemies/standard/e.png" />
		<Unit filename="assets/graphics/enemySpaceship/state/energy/a.png" />
		<Unit filename="assets/graphics/enemySpaceship/state/energy/b.png" />
		<Unit filename="assets/graphics/enemySpaceship/state/energy/c.png" />
		<Unit filename="assets/graphics/enemySpaceship/state/energy/d.png" />
		<Unit filename="assets/graphics/enemySpaceship/state/energy/e.png" />
		<Unit filename="assets/graphics/mainMenu/play1.png" />
		<Unit filename="assets/graphics/mainMenu/play2.png" />
		<Unit filename="assets/graphics/shaders/blackhole.frag" />
		<Unit filename="assets/graphics/spaceship/Tarcze/1.png" />
		<Unit filename="assets/graphics/spaceship/Tarcze/2.png" />
		<Unit filename="assets/graphics/spaceship/Tarcze/3.png" />
		<Unit filename="assets/graphics/spaceship/blood.animation" />
		<Unit filename="assets/graphics/spaceship/destroy.animation" />
		<Unit filename="assets/graphics/spaceship/explosion/a.png" />
		<Unit filename="assets/graphics/spaceship/explosion/b.png" />
		<Unit filename="assets/graphics/spaceship/explosion/c.png" />
		<Unit filename="assets/graphics/spaceship/explosion/d.png" />
		<Unit filename="assets/graphics/spaceship/explosion/e.png" />
		<Unit filename="assets/graphics/spaceship/explosion/f.png" />
		<Unit filename="assets/graphics/spaceship/explosion/g.png" />
		<Unit filename="assets/graphics/spaceship/explosion/h.png" />
		<Unit filename="assets/graphics/spaceship/explosion/i.png" />
		<Unit filename="assets/graphics/spaceship/explosion/j.png" />
		<Unit filename="assets/graphics/spaceship/explosion2/a.png" />
		<Unit filename="assets/graphics/spaceship/explosion2/b.png" />
		<Unit filename="assets/graphics/spaceship/explosion2/c.png" />
		<Unit filename="assets/graphics/spaceship/explosion2/d.png" />
		<Unit filename="assets/graphics/spaceship/explosion2/e.png" />
		<Unit filename="assets/graphics/spaceship/explosion2/f.png" />
		<Unit filename="assets/graphics/spaceship/explosion2/g.png" />
		<Unit filename="assets/graphics/spaceship/explosion2/h.png" />
		<Unit filename="assets/graphics/spaceship/explosion2/i.png" />
		<Unit filename="assets/graphics/spaceship/explosion2/j.png" />
		<Unit filename="assets/graphics/spaceship/explosion2/k.png" />
		<Unit filename="assets/graphics/spaceship/explosion2/l.png" />
		<Unit filename="assets/graphics/spaceship/explosion2/m.png" />
		<Unit filename="assets/graphics/spaceship/explosion2/n.png" />
		<Unit filename="assets/graphics/spaceship/explosion2/o.png" />
		<Unit filename="assets/graphics/spaceship/explosion2/p.png" />
		<Unit filename="assets/graphics/spaceship/shields/1.png" />
		<Unit filename="assets/graphics/spaceship/shields/2.png" />
		<Unit filename="assets/graphics/spaceship/shields/3.png" />
		<Unit filename="assets/graphics/spaceship/shields/active/1.png" />
		<Unit filename="assets/graphics/spaceship/shields/active/2.png" />
		<Unit filename="assets/graphics/spaceship/shields/active/3.png" />
		<Unit filename="assets/lua/console.lua" />
		<Unit filename="assets/sounds/music.wav" />
		<Unit filename="assets/sounds/weapons/beep.wav" />
		<Unit filename="assets/sounds/weapons/crossbow.flac" />
		<Unit filename="assets/xml/animations.xml" />
		<Unit filename="assets/xml/settings.xml" />
		<Unit filename="assets/xml/texts.xml" />
		<Unit filename="assets/xml/weapons1.xml" />
		<Unit filename="assets/xml/weapons2.xml" />
		<Unit filename="assets/xml/weapons3.xml" />
		<Unit filename="base/SFMLstream.h" />
		<Unit filename="base/animation.h" />
		<Unit filename="base/console.h" />
		<Unit filename="base/controls.h" />
		<Unit filename="base/cursor.h" />
		<Unit filename="base/languages.h" />
		<Unit filename="base/math.h" />
		<Unit filename="base/numbers.h" />
		<Unit filename="base/preinit.h" />
		<Unit filename="base/safeNumbers.h" />
		<Unit filename="base/settings.h" />
		<Unit filename="base/soundsManager.h" />
		<Unit filename="base/spaceObjects.h" />
		<Unit filename="base/textureManager.h" />
		<Unit filename="base/tile.h" />
		<Unit filename="base/xmlReader.h" />
		<Unit filename="battle/battle.h" />
		<Unit filename="battle/battle_classess.h" />
		<Unit filename="battle/battle_drawer.h" />
		<Unit filename="battle/battle_init.h" />
		<Unit filename="battle/classes/bullets.h" />
		<Unit filename="battle/classes/drone.h" />
		<Unit filename="battle/classes/enemies.h" />
		<Unit filename="battle/classes/souls.h" />
		<Unit filename="battle/classes/spaceship.h" />
		<Unit filename="battle/classes/weapons.h" />
		<Unit filename="battle/pause.h" />
		<Unit filename="collision/collision.h" />
		<Unit filename="lua/LVM.h" />
		<Unit filename="lua/advencedAPI.h" />
		<Unit filename="lua/api.h" />
		<Unit filename="main.cpp" />
		<Unit filename="menu/loadingScreen.h" />
		<Unit filename="menu/menu.h" />
		<Unit filename="menu/settingsScreen.h" />
		<Extensions>
			<code_completion />
			<debugger />
		</Extensions>
	</Project>
</CodeBlocks_project_file>
